
Microsoft Visual Studio Solution File, Format Version 11.00
# Visual Studio 2010
Project("{FAE04EC0-301F-11D3-BF4B-00C04F79EFBC}") = "switch-menu", "switch-menu\switch-menu.csproj", "{0FB12FBC-FA98-4953-A5ED-741A544B18BA}"
EndProject
Global
	GlobalSection(SolutionConfigurationPlatforms) = preSolution
		Debug|x86 = Debug|x86
		Release|x86 = Release|x86
	EndGlobalSection
	GlobalSection(ProjectConfigurationPlatforms) = postSolution
		{0FB12FBC-FA98-4953-A5ED-741A544B18BA}.Debug|x86.ActiveCfg = Debug|x86
		{0FB12FBC-FA98-4953-A5ED-741A544B18BA}.Debug|x86.Build.0 = Debug|x86
		{0FB12FBC-FA98-4953-A5ED-741A544B18BA}.Release|x86.ActiveCfg = Release|x86
		{0FB12FBC-FA98-4953-A5ED-741A544B18BA}.Release|x86.Build.0 = Release|x86
	EndGlobalSection
	GlobalSection(SolutionProperties) = preSolution
		HideSolutionNode = FALSE
	EndGlobalSection
EndGlobal
